// !$*UTF8*$!
{
	archiveVersion = 1;
	classes = {
	};
	objectVersion = 50;
	objects = {

/* Begin PBXBuildFile section */
		3F99A38321C8C2F600EAAF76 /* AppDelegate.swift in Sources */ = {isa = PBXBuildFile; fileRef = 3F99A38221C8C2F600EAAF76 /* AppDelegate.swift */; };
		3F99A38521C8C2F600EAAF76 /* ViewController.swift in Sources */ = {isa = PBXBuildFile; fileRef = 3F99A38421C8C2F600EAAF76 /* ViewController.swift */; };
		3F99A38821C8C2F600EAAF76 /* Main.storyboard in Resources */ = {isa = PBXBuildFile; fileRef = 3F99A38621C8C2F600EAAF76 /* Main.storyboard */; };
		3F99A38A21C8C2F600EAAF76 /* Assets.xcassets in Resources */ = {isa = PBXBuildFile; fileRef = 3F99A38921C8C2F600EAAF76 /* Assets.xcassets */; };
		3F99A38D21C8C2F600EAAF76 /* LaunchScreen.storyboard in Resources */ = {isa = PBXBuildFile; fileRef = 3F99A38B21C8C2F600EAAF76 /* LaunchScreen.storyboard */; };
/* End PBXBuildFile section */

/* Begin PBXFileReference section */
		3F99A37F21C8C2F600EAAF76 /* 我企鹅 v 从 v.app */ = {isa = PBXFileReference; explicitFileType = wrapper.application; includeInIndex = 0; path = "我企鹅 v 从 v.app"; sourceTree = BUILT_PRODUCTS_DIR; };
		3F99A38221C8C2F600EAAF76 /* AppDelegate.swift */ = {isa = PBXFileReference; lastKnownFileType = sourcecode.swift; path = AppDelegate.swift; sourceTree = "<group>"; };
		3F99A38421C8C2F600EAAF76 /* ViewController.swift */ = {isa = PBXFileReference; lastKnownFileType = sourcecode.swift; path = ViewController.swift; sourceTree = "<group>"; };
		3F99A38721C8C2F600EAAF76 /* Base */ = {isa = PBXFileReference; lastKnownFileType = file.storyboard; name = Base; path = Base.lproj/Main.storyboard; sourceTree = "<group>"; };
		3F99A38921C8C2F600EAAF76 /* Assets.xcassets */ = {isa = PBXFileReference; lastKnownFileType = folder.assetcatalog; path = Assets.xcassets; sourceTree = "<group>"; };
		3F99A38C21C8C2F600EAAF76 /* Base */ = {isa = PBXFileReference; lastKnownFileType = file.storyboard; name = Base; path = Base.lproj/LaunchScreen.storyboard; sourceTree = "<group>"; };
		3F99A38E21C8C2F600EAAF76 /* Info.plist */ = {isa = PBXFileReference; lastKnownFileType = text.plist.xml; path = Info.plist; sourceTree = "<group>"; };
/* End PBXFileReference section */

/* Begin PBXFrameworksBuildPhase section */
		3F99A37C21C8C2F600EAAF76 /* Frameworks */ = {
			isa = PBXFrameworksBuildPhase;
			buildActionMask = 2147483647;
			files = (
			);
			runOnlyForDeploymentPostprocessing = 0;
		};
/* End PBXFrameworksBuildPhase section */

/* Begin PBXGroup section */
		3F99A37621C8C2F600EAAF76 = {
			isa = PBXGroup;
			children = (
				3F99A38121C8C2F600EAAF76 /* 我企鹅 v 从 v */,
				3F99A38021C8C2F600EAAF76 /* Products */,
			);
			sourceTree = "<group>";
		};
		3F99A38021C8C2F600EAAF76 /* Products */ = {
			isa = PBXGroup;
			children = (
				3F99A37F21C8C2F600EAAF76 /* 我企鹅 v 从 v.app */,
			);
			name = Products;
			sourceTree = "<group>";
		};
		3F99A38121C8C2F600EAAF76 /* 我企鹅 v 从 v */ = {
			isa = PBXGroup;
			children = (
				3F99A38221C8C2F600EAAF76 /* AppDelegate.swift */,
				3F99A38421C8C2F600EAAF76 /* ViewController.swift */,
				3F99A38621C8C2F600EAAF76 /* Main.storyboard */,
				3F99A38921C8C2F600EAAF76 /* Assets.xcassets */,
				3F99A38B21C8C2F600EAAF76 /* LaunchScreen.storyboard */,
				3F99A38E21C8C2F600EAAF76 /* Info.plist */,
			);
			path = "我企鹅 v 从 v";
			sourceTree = "<group>";
		};
/* End PBXGroup section */

/* Begin PBXNativeTarget section */
		3F99A37E21C8C2F600EAAF76 /* 我企鹅 v 从 v */ = {
			isa = PBXNativeTarget;
			buildConfigurationList = 3F99A39121C8C2F600EAAF76 /* Build configuration list for PBXNativeTarget "我企鹅 v 从 v" */;
			buildPhases = (
				3F99A37B21C8C2F600EAAF76 /* Sources */,
				3F99A37C21C8C2F600EAAF76 /* Frameworks */,
				3F99A37D21C8C2F600EAAF76 /* Resources */,
			);
			buildRules = (
			);
			dependencies = (
			);
			name = "我企鹅 v 从 v";
			productName = "我企鹅 v 从 v";
			productReference = 3F99A37F21C8C2F600EAAF76 /* 我企鹅 v 从 v.app */;
			productType = "com.apple.product-type.application";
		};
/* End PBXNativeTarget section */

/* Begin PBXProject section */
		3F99A37721C8C2F600EAAF76 /* Project object */ = {
			isa = PBXProject;
			attributes = {
				LastSwiftUpdateCheck = 1000;
				LastUpgradeCheck = 1000;
				ORGANIZATIONNAME = "李琳";
				TargetAttributes = {
					3F99A37E21C8C2F600EAAF76 = {
						CreatedOnToolsVersion = 10.0;
					};
				};
			};
			buildConfigurationList = 3F99A37A21C8C2F600EAAF76 /* Build configuration list for PBXProject "我企鹅 v 从 v" */;
			compatibilityVersion = "Xcode 9.3";
			developmentRegion = en;
			hasScannedForEncodings = 0;
			knownRegions = (
				en,
				Base,
			);
			mainGroup = 3F99A37621C8C2F600EAAF76;
			productRefGroup = 3F99A38021C8C2F600EAAF76 /* Products */;
			projectDirPath = "";
			projectRoot = "";
			targets = (
				3F99A37E21C8C2F600EAAF76 /* 我企鹅 v 从 v */,
			);
		};
/* End PBXProject section */

/* Begin PBXResourcesBuildPhase section */
		3F99A37D21C8C2F600EAAF76 /* Resources */ = {
			isa = PBXResourcesBuildPhase;
			buildActionMask = 2147483647;
			files = (
				3F99A38D21C8C2F600EAAF76 /* LaunchScreen.storyboard in Resources */,
				3F99A38A21C8C2F600EAAF76 /* Assets.xcassets in Resources */,
				3F99A38821C8C2F600EAAF76 /* Main.storyboard in Resources */,
			);
			runOnlyForDeploymentPostprocessing = 0;
		};
/* End PBXResourcesBuildPhase section */

/* Begin PBXSourcesBuildPhase section */
		3F99A37B21C8C2F600EAAF76 /* Sources */ = {
			isa = PBXSourcesBuildPhase;
			buildActionMask = 2147483647;
			files = (
				3F99A38521C8C2F600EAAF76 /* ViewController.swift in Sources */,
				3F99A38321C8C2F600EAAF76 /* AppDelegate.swift in Sources */,
			);
			runOnlyForDeploymentPostprocessing = 0;
		};
/* End PBXSourcesBuildPhase section */

/* Begin PBXVariantGroup section */
		3F99A38621C8C2F600EAAF76 /* Main.storyboard */ = {
			isa = PBXVariantGroup;
			children = (
				3F99A38721C8C2F600EAAF76 /* Base */,
			);
			name = Main.storyboard;
			sourceTree = "<group>";
		};
		3F99A38B21C8C2F600EAAF76 /* LaunchScreen.storyboard */ = {
			isa = PBXVariantGroup;
			children = (
				3F99A38C21C8C2F600EAAF76 /* Base */,
			);
			name = LaunchScreen.storyboard;
			sourceTree = "<group>";
		};
/* End PBXVariantGroup section */

/* Begin XCBuildConfiguration section */
		3F99A38F21C8C2F600EAAF76 /* Debug */ = {
			isa = XCBuildConfiguration;
			buildSettings = {
				ALWAYS_SEARCH_USER_PATHS = NO;
				CLANG_ANALYZER_NONNULL = YES;
				CLANG_ANALYZER_NUMBER_OBJECT_CONVERSION = YES_AGGRESSIVE;
				CLANG_CXX_LANGUAGE_STANDARD = "gnu++14";
				CLANG_CXX_LIBRARY = "libc++";
				CLANG_ENABLE_MODULES = YES;
				CLANG_ENABLE_OBJC_ARC = YES;
				CLANG_ENABLE_OBJC_WEAK = YES;
				CLANG_WARN_BLOCK_CAPTURE_AUTORELEASING = YES;
				CLANG_WARN_BOOL_CONVERSION = YES;
				CLANG_WARN_COMMA = YES;
				CLANG_WARN_CONSTANT_CONVERSION = YES;
				CLANG_WARN_DEPRECATED_OBJC_IMPLEMENTATIONS = YES;
				CLANG_WARN_DIRECT_OBJC_ISA_USAGE = YES_ERROR;
				CLANG_WARN_DOCUMENTATION_COMMENTS = YES;
				CLANG_WARN_EMPTY_BODY = YES;
				CLANG_WARN_ENUM_CONVERSION = YES;
				CLANG_WARN_INFINITE_RECURSION = YES;
				CLANG_WARN_INT_CONVERSION = YES;
				CLANG_WARN_NON_LITERAL_NULL_CONVERSION = YES;
				CLANG_WARN_OBJC_IMPLICIT_RETAIN_SELF = YES;
				CLANG_WARN_OBJC_LITERAL_CONVERSION = YES;
				CLANG_WARN_OBJC_ROOT_CLASS = YES_ERROR;
				CLANG_WARN_RANGE_LOOP_ANALYSIS = YES;
				CLANG_WARN_STRICT_PROTOTYPES = YES;
				CLANG_WARN_SUSPICIOUS_MOVE = YES;
				CLANG_WARN_UNGUARDED_AVAILABILITY = YES_AGGRESSIVE;
				CLANG_WARN_UNREACHABLE_CODE = YES;
				CLANG_WARN__DUPLICATE_METHOD_MATCH = YES;
				CODE_SIGN_IDENTITY = "iPhone Developer";
				COPY_PHASE_STRIP = NO;
				DEBUG_INFORMATION_FORMAT = dwarf;
				ENABLE_STRICT_OBJC_MSGSEND = YES;
				ENABLE_TESTABILITY = YES;
				GCC_C_LANGUAGE_STANDARD = gnu11;
				GCC_DYNAMIC_NO_PIC = NO;
				GCC_NO_COMMON_BLOCKS = YES;
				GCC_OPTIMIZATION_LEVEL = 0;
				GCC_PREPROCESSOR_DEFINITIONS = (
					"DEBUG=1",
					"$(inherited)",
				);
				GCC_WARN_64_TO_32_BIT_CONVERSION = YES;
				GCC_WARN_ABOUT_RETURN_TYPE = YES_ERROR;
				GCC_WARN_UNDECLARED_SELECTOR = YES;
				GCC_WARN_UNINITIALIZED_AUTOS = YES_AGGRESSIVE;
				GCC_WARN_UNUSED_FUNCTION = YES;
				GCC_WARN_UNUSED_VARIABLE = YES;
				IPHONEOS_DEPLOYMENT_TARGET = 12.0;
				MTL_ENABLE_DEBUG_INFO = INCLUDE_SOURCE;
				MTL_FAST_MATH = YES;
				ONLY_ACTIVE_ARCH = YES;
				SDKROOT = iphoneos;
				SWIFT_ACTIVE_COMPILATION_CONDITIONS = DEBUG;
				SWIFT_OPTIMIZATION_LEVEL = "-Onone";
			};
			name = Debug;
		};
		3F99A39021C8C2F600EAAF76 /* Release */ = {
			isa = XCBuildConfiguration;
			buildSettings = {
				ALWAYS_SEARCH_USER_PATHS = NO;
				CLANG_ANALYZER_NONNULL = YES;
				CLANG_ANALYZER_NUMBER_OBJECT_CONVERSION = YES_AGGRESSIVE;
				CLANG_CXX_LANGUAGE_STANDARD = "gnu++14";
				CLANG_CXX_LIBRARY = "libc++";
				CLANG_ENABLE_MODULES = YES;
				CLANG_ENABLE_OBJC_ARC = YES;
				CLANG_ENABLE_OBJC_WEAK = YES;
				CLANG_WARN_BLOCK_CAPTURE_AUTORELEASING = YES;
				CLANG_WARN_BOOL_CONVERSION = YES;
				CLANG_WARN_COMMA = YES;
				CLANG_WARN_CONSTANT_CONVERSION = YES;
				CLANG_WARN_DEPRECATED_OBJC_IMPLEMENTATIONS = YES;
				CLANG_WARN_DIRECT_OBJC_ISA_USAGE = YES_ERROR;
				CLANG_WARN_DOCUMENTATION_COMMENTS = YES;
				CLANG_WARN_EMPTY_BODY = YES;
				CLANG_WARN_ENUM_CONVERSION = YES;
				CLANG_WARN_INFINITE_RECURSION = YES;
				CLANG_WARN_INT_CONVERSION = YES;
				CLANG_WARN_NON_LITERAL_NULL_CONVERSION = YES;
				CLANG_WARN_OBJC_IMPLICIT_RETAIN_SELF = YES;
				CLANG_WARN_OBJC_LITERAL_CONVERSION = YES;
				CLANG_WARN_OBJC_ROOT_CLASS = YES_ERROR;
				CLANG_WARN_RANGE_LOOP_ANALYSIS = YES;
				CLANG_WARN_STRICT_PROTOTYPES = YES;
				CLANG_WARN_SUSPICIOUS_MOVE = YES;
				CLANG_WARN_UNGUARDED_AVAILABILITY = YES_AGGRESSIVE;
				CLANG_WARN_UNREACHABLE_CODE = YES;
				CLANG_WARN__DUPLICATE_METHOD_MATCH = YES;
				CODE_SIGN_IDENTITY = "iPhone Developer";
				COPY_PHASE_STRIP = NO;
				DEBUG_INFORMATION_FORMAT = "dwarf-with-dsym";
				ENABLE_NS_ASSERTIONS = NO;
				ENABLE_STRICT_OBJC_MSGSEND = YES;
				GCC_C_LANGUAGE_STANDARD = gnu11;
				GCC_NO_COMMON_BLOCKS = YES;
				GCC_WARN_64_TO_32_BIT_CONVERSION = YES;
				GCC_WARN_ABOUT_RETURN_TYPE = YES_ERROR;
				GCC_WARN_UNDECLARED_SELECTOR = YES;
				GCC_WARN_UNINITIALIZED_AUTOS = YES_AGGRESSIVE;
				GCC_WARN_UNUSED_FUNCTION = YES;
				GCC_WARN_UNUSED_VARIABLE = YES;
				IPHONEOS_DEPLOYMENT_TARGET = 12.0;
				MTL_ENABLE_DEBUG_INFO = NO;
				MTL_FAST_MATH = YES;
				SDKROOT = iphoneos;
				SWIFT_COMPILATION_MODE = wholemodule;
				SWIFT_OPTIMIZATION_LEVEL = "-O";
				VALIDATE_PRODUCT = YES;
			};
			name = Release;
		};
		3F99A39221C8C2F600EAAF76 /* Debug */ = {
			isa = XCBuildConfiguration;
			buildSettings = {
				ASSETCATALOG_COMPILER_APPICON_NAME = AppIcon;
				CODE_SIGN_STYLE = Automatic;
				INFOPLIST_FILE = "我企鹅 v 从 v/Info.plist";
				LD_RUNPATH_SEARCH_PATHS = (
					"$(inherited)",
					"@executable_path/Frameworks",
				);
				PRODUCT_BUNDLE_IDENTIFIER = "-016110315.----v---v";
				PRODUCT_NAME = "$(TARGET_NAME)";
				SWIFT_VERSION = 4.2;
				TARGETED_DEVICE_FAMILY = "1,2";
			};
			name = Debug;
		};
		3F99A39321C8C2F600EAAF76 /* Release */ = {
			isa = XCBuildConfiguration;
			buildSettings = {
				ASSETCATALOG_COMPILER_APPICON_NAME = AppIcon;
				CODE_SIGN_STYLE = Automatic;
				INFOPLIST_FILE = "我企鹅 v 从 v/Info.plist";
				LD_RUNPATH_SEARCH_PATHS = (
					"$(inherited)",
					"@executable_path/Frameworks",
				);
				PRODUCT_BUNDLE_IDENTIFIER = "-016110315.----v---v";
				PRODUCT_NAME = "$(TARGET_NAME)";
				SWIFT_VERSION = 4.2;
				TARGETED_DEVICE_FAMILY = "1,2";
			};
			name = Release;
		};
/* End XCBuildConfiguration section */

/* Begin XCConfigurationList section */
		3F99A37A21C8C2F600EAAF76 /* Build configuration list for PBXProject "我企鹅 v 从 v" */ = {
			isa = XCConfigurationList;
			buildConfigurations = (
				3F99A38F21C8C2F600EAAF76 /* Debug */,
				3F99A39021C8C2F600EAAF76 /* Release */,
			);
			defaultConfigurationIsVisible = 0;
			defaultConfigurationName = Release;
		};
		3F99A39121C8C2F600EAAF76 /* Build configuration list for PBXNativeTarget "我企鹅 v 从 v" */ = {
			isa = XCConfigurationList;
			buildConfigurations = (
				3F99A39221C8C2F600EAAF76 /* Debug */,
				3F99A39321C8C2F600EAAF76 /* Release */,
			);
			defaultConfigurationIsVisible = 0;
			defaultConfigurationName = Release;
		};
/* End XCConfigurationList section */
	};
	rootObject = 3F99A37721C8C2F600EAAF76 /* Project object */;
}
